// !$*UTF8*$!
{
	archiveVersion = 1;
	classes = {
	};
	objectVersion = 46;
	objects = {

/* Begin PBXBuildFile section */
		57E7BE9616819D4200C190AE /* LAThemeManager.m in Sources */ = {isa = PBXBuildFile; fileRef = 57E7BE9316819D4200C190AE /* LAThemeManager.m */; };
		57E7BE9716819D4200C190AE /* LADefaultTheme.m in Sources */ = {isa = PBXBuildFile; fileRef = 57E7BE9516819D4200C190AE /* LADefaultTheme.m */; };
		57ED630216807EDD0039C47E /* UIKit.framework in Frameworks */ = {isa = PBXBuildFile; fileRef = 57ED630116807EDD0039C47E /* UIKit.framework */; };
		57ED630416807EDD0039C47E /* Foundation.framework in Frameworks */ = {isa = PBXBuildFile; fileRef = 57ED630316807EDD0039C47E /* Foundation.framework */; };
		57ED630616807EDD0039C47E /* CoreGraphics.framework in Frameworks */ = {isa = PBXBuildFile; fileRef = 57ED630516807EDD0039C47E /* CoreGraphics.framework */; };
		57ED630816807EDD0039C47E /* CoreData.framework in Frameworks */ = {isa = PBXBuildFile; fileRef = 57ED630716807EDD0039C47E /* CoreData.framework */; };
		57ED630E16807EDD0039C47E /* InfoPlist.strings in Resources */ = {isa = PBXBuildFile; fileRef = 57ED630C16807EDD0039C47E /* InfoPlist.strings */; };
		57ED631016807EDD0039C47E /* main.m in Sources */ = {isa = PBXBuildFile; fileRef = 57ED630F16807EDD0039C47E /* main.m */; };
		57ED631416807EDD0039C47E /* LAAppDelegate.m in Sources */ = {isa = PBXBuildFile; fileRef = 57ED631316807EDD0039C47E /* LAAppDelegate.m */; };
		57ED631616807EDD0039C47E /* Default.png in Resources */ = {isa = PBXBuildFile; fileRef = 57ED631516807EDD0039C47E /* Default.png */; };
		57ED631816807EDD0039C47E /* Default@2x.png in Resources */ = {isa = PBXBuildFile; fileRef = 57ED631716807EDD0039C47E /* Default@2x.png */; };
		57ED631A16807EDD0039C47E /* Default-568h@2x.png in Resources */ = {isa = PBXBuildFile; fileRef = 57ED631916807EDD0039C47E /* Default-568h@2x.png */; };
		57ED631D16807EDE0039C47E /* MainStoryboard.storyboard in Resources */ = {isa = PBXBuildFile; fileRef = 57ED631B16807EDE0039C47E /* MainStoryboard.storyboard */; };
		57ED632016807EDE0039C47E /* LobsterApp.xcdatamodeld in Sources */ = {isa = PBXBuildFile; fileRef = 57ED631E16807EDE0039C47E /* LobsterApp.xcdatamodeld */; };
		57ED633D168085F60039C47E /* RPManagedObject.m in Sources */ = {isa = PBXBuildFile; fileRef = 57ED633C168085F60039C47E /* RPManagedObject.m */; };
		57ED634016812DE00039C47E /* RPRemoteManagedObject.m in Sources */ = {isa = PBXBuildFile; fileRef = 57ED633F16812DDF0039C47E /* RPRemoteManagedObject.m */; };
		57ED634316813DCE0039C47E /* Story.m in Sources */ = {isa = PBXBuildFile; fileRef = 57ED634216813DCD0039C47E /* Story.m */; };
		57ED6390168146500039C47E /* AFHTTPClient.m in Sources */ = {isa = PBXBuildFile; fileRef = 57ED6349168146500039C47E /* AFHTTPClient.m */; };
		57ED6391168146500039C47E /* AFHTTPRequestOperation.m in Sources */ = {isa = PBXBuildFile; fileRef = 57ED634B168146500039C47E /* AFHTTPRequestOperation.m */; };
		57ED6392168146500039C47E /* AFImageRequestOperation.m in Sources */ = {isa = PBXBuildFile; fileRef = 57ED634D168146500039C47E /* AFImageRequestOperation.m */; };
		57ED6393168146500039C47E /* AFJSONRequestOperation.m in Sources */ = {isa = PBXBuildFile; fileRef = 57ED634F168146500039C47E /* AFJSONRequestOperation.m */; };
		57ED6394168146500039C47E /* AFNetworkActivityIndicatorManager.m in Sources */ = {isa = PBXBuildFile; fileRef = 57ED6351168146500039C47E /* AFNetworkActivityIndicatorManager.m */; };
		57ED6395168146500039C47E /* AFPropertyListRequestOperation.m in Sources */ = {isa = PBXBuildFile; fileRef = 57ED6354168146500039C47E /* AFPropertyListRequestOperation.m */; };
		57ED6396168146500039C47E /* AFURLConnectionOperation.m in Sources */ = {isa = PBXBuildFile; fileRef = 57ED6356168146500039C47E /* AFURLConnectionOperation.m */; };
		57ED6397168146500039C47E /* AFXMLRequestOperation.m in Sources */ = {isa = PBXBuildFile; fileRef = 57ED6358168146500039C47E /* AFXMLRequestOperation.m */; };
		57ED6398168146500039C47E /* UIImageView+AFNetworking.m in Sources */ = {isa = PBXBuildFile; fileRef = 57ED635A168146500039C47E /* UIImageView+AFNetworking.m */; };
		57ED63B81681469A0039C47E /* MobileCoreServices.framework in Frameworks */ = {isa = PBXBuildFile; fileRef = 57ED63B71681469A0039C47E /* MobileCoreServices.framework */; };
		57ED63BA168146A00039C47E /* SystemConfiguration.framework in Frameworks */ = {isa = PBXBuildFile; fileRef = 57ED63B9168146A00039C47E /* SystemConfiguration.framework */; };
		57ED63C4168147890039C47E /* LAHTTPClient.m in Sources */ = {isa = PBXBuildFile; fileRef = 57ED63C3168147890039C47E /* LAHTTPClient.m */; };
		57ED63CA16814AAA0039C47E /* LAHottestStoriesViewController.m in Sources */ = {isa = PBXBuildFile; fileRef = 57ED63C816814AAA0039C47E /* LAHottestStoriesViewController.m */; };
/* End PBXBuildFile section */

/* Begin PBXFileReference section */
		57E7BE9216819D4200C190AE /* LAThemeManager.h */ = {isa = PBXFileReference; fileEncoding = 4; lastKnownFileType = sourcecode.c.h; path = LAThemeManager.h; sourceTree = "<group>"; };
		57E7BE9316819D4200C190AE /* LAThemeManager.m */ = {isa = PBXFileReference; fileEncoding = 4; lastKnownFileType = sourcecode.c.objc; path = LAThemeManager.m; sourceTree = "<group>"; };
		57E7BE9416819D4200C190AE /* LADefaultTheme.h */ = {isa = PBXFileReference; fileEncoding = 4; lastKnownFileType = sourcecode.c.h; path = LADefaultTheme.h; sourceTree = "<group>"; };
		57E7BE9516819D4200C190AE /* LADefaultTheme.m */ = {isa = PBXFileReference; fileEncoding = 4; lastKnownFileType = sourcecode.c.objc; path = LADefaultTheme.m; sourceTree = "<group>"; };
		57ED62FD16807EDD0039C47E /* LobsterApp.app */ = {isa = PBXFileReference; explicitFileType = wrapper.application; includeInIndex = 0; path = LobsterApp.app; sourceTree = BUILT_PRODUCTS_DIR; };
		57ED630116807EDD0039C47E /* UIKit.framework */ = {isa = PBXFileReference; lastKnownFileType = wrapper.framework; name = UIKit.framework; path = System/Library/Frameworks/UIKit.framework; sourceTree = SDKROOT; };
		57ED630316807EDD0039C47E /* Foundation.framework */ = {isa = PBXFileReference; lastKnownFileType = wrapper.framework; name = Foundation.framework; path = System/Library/Frameworks/Foundation.framework; sourceTree = SDKROOT; };
		57ED630516807EDD0039C47E /* CoreGraphics.framework */ = {isa = PBXFileReference; lastKnownFileType = wrapper.framework; name = CoreGraphics.framework; path = System/Library/Frameworks/CoreGraphics.framework; sourceTree = SDKROOT; };
		57ED630716807EDD0039C47E /* CoreData.framework */ = {isa = PBXFileReference; lastKnownFileType = wrapper.framework; name = CoreData.framework; path = System/Library/Frameworks/CoreData.framework; sourceTree = SDKROOT; };
		57ED630B16807EDD0039C47E /* LobsterApp-Info.plist */ = {isa = PBXFileReference; lastKnownFileType = text.plist.xml; path = "LobsterApp-Info.plist"; sourceTree = "<group>"; };
		57ED630D16807EDD0039C47E /* en */ = {isa = PBXFileReference; lastKnownFileType = text.plist.strings; name = en; path = en.lproj/InfoPlist.strings; sourceTree = "<group>"; };
		57ED630F16807EDD0039C47E /* main.m */ = {isa = PBXFileReference; lastKnownFileType = sourcecode.c.objc; path = main.m; sourceTree = "<group>"; };
		57ED631116807EDD0039C47E /* LobsterApp-Prefix.pch */ = {isa = PBXFileReference; lastKnownFileType = sourcecode.c.h; path = "LobsterApp-Prefix.pch"; sourceTree = "<group>"; };
		57ED631216807EDD0039C47E /* LAAppDelegate.h */ = {isa = PBXFileReference; lastKnownFileType = sourcecode.c.h; path = LAAppDelegate.h; sourceTree = "<group>"; };
		57ED631316807EDD0039C47E /* LAAppDelegate.m */ = {isa = PBXFileReference; lastKnownFileType = sourcecode.c.objc; path = LAAppDelegate.m; sourceTree = "<group>"; };
		57ED631516807EDD0039C47E /* Default.png */ = {isa = PBXFileReference; lastKnownFileType = image.png; path = Default.png; sourceTree = "<group>"; };
		57ED631716807EDD0039C47E /* Default@2x.png */ = {isa = PBXFileReference; lastKnownFileType = image.png; path = "Default@2x.png"; sourceTree = "<group>"; };
		57ED631916807EDD0039C47E /* Default-568h@2x.png */ = {isa = PBXFileReference; lastKnownFileType = image.png; path = "Default-568h@2x.png"; sourceTree = "<group>"; };
		57ED631C16807EDE0039C47E /* en */ = {isa = PBXFileReference; lastKnownFileType = file.storyboard; name = en; path = en.lproj/MainStoryboard.storyboard; sourceTree = "<group>"; };
		57ED631F16807EDE0039C47E /* LobsterApp.xcdatamodel */ = {isa = PBXFileReference; lastKnownFileType = wrapper.xcdatamodel; path = LobsterApp.xcdatamodel; sourceTree = "<group>"; };
		57ED633B168085F60039C47E /* RPManagedObject.h */ = {isa = PBXFileReference; fileEncoding = 4; lastKnownFileType = sourcecode.c.h; path = RPManagedObject.h; sourceTree = "<group>"; };
		57ED633C168085F60039C47E /* RPManagedObject.m */ = {isa = PBXFileReference; fileEncoding = 4; lastKnownFileType = sourcecode.c.objc; path = RPManagedObject.m; sourceTree = "<group>"; };
		57ED633E16812DDF0039C47E /* RPRemoteManagedObject.h */ = {isa = PBXFileReference; fileEncoding = 4; lastKnownFileType = sourcecode.c.h; path = RPRemoteManagedObject.h; sourceTree = "<group>"; };
		57ED633F16812DDF0039C47E /* RPRemoteManagedObject.m */ = {isa = PBXFileReference; fileEncoding = 4; lastKnownFileType = sourcecode.c.objc; path = RPRemoteManagedObject.m; sourceTree = "<group>"; };
		57ED634116813DCD0039C47E /* Story.h */ = {isa = PBXFileReference; fileEncoding = 4; lastKnownFileType = sourcecode.c.h; path = Story.h; sourceTree = "<group>"; };
		57ED634216813DCD0039C47E /* Story.m */ = {isa = PBXFileReference; fileEncoding = 4; lastKnownFileType = sourcecode.c.objc; path = Story.m; sourceTree = "<group>"; };
		57ED6348168146500039C47E /* AFHTTPClient.h */ = {isa = PBXFileReference; fileEncoding = 4; lastKnownFileType = sourcecode.c.h; path = AFHTTPClient.h; sourceTree = "<group>"; };
		57ED6349168146500039C47E /* AFHTTPClient.m */ = {isa = PBXFileReference; fileEncoding = 4; lastKnownFileType = sourcecode.c.objc; path = AFHTTPClient.m; sourceTree = "<group>"; };
		57ED634A168146500039C47E /* AFHTTPRequestOperation.h */ = {isa = PBXFileReference; fileEncoding = 4; lastKnownFileType = sourcecode.c.h; path = AFHTTPRequestOperation.h; sourceTree = "<group>"; };
		57ED634B168146500039C47E /* AFHTTPRequestOperation.m */ = {isa = PBXFileReference; fileEncoding = 4; lastKnownFileType = sourcecode.c.objc; path = AFHTTPRequestOperation.m; sourceTree = "<group>"; };
		57ED634C168146500039C47E /* AFImageRequestOperation.h */ = {isa = PBXFileReference; fileEncoding = 4; lastKnownFileType = sourcecode.c.h; path = AFImageRequestOperation.h; sourceTree = "<group>"; };
		57ED634D168146500039C47E /* AFImageRequestOperation.m */ = {isa = PBXFileReference; fileEncoding = 4; lastKnownFileType = sourcecode.c.objc; path = AFImageRequestOperation.m; sourceTree = "<group>"; };
		57ED634E168146500039C47E /* AFJSONRequestOperation.h */ = {isa = PBXFileReference; fileEncoding = 4; lastKnownFileType = sourcecode.c.h; path = AFJSONRequestOperation.h; sourceTree = "<group>"; };
		57ED634F168146500039C47E /* AFJSONRequestOperation.m */ = {isa = PBXFileReference; fileEncoding = 4; lastKnownFileType = sourcecode.c.objc; path = AFJSONRequestOperation.m; sourceTree = "<group>"; };
		57ED6350168146500039C47E /* AFNetworkActivityIndicatorManager.h */ = {isa = PBXFileReference; fileEncoding = 4; lastKnownFileType = sourcecode.c.h; path = AFNetworkActivityIndicatorManager.h; sourceTree = "<group>"; };
		57ED6351168146500039C47E /* AFNetworkActivityIndicatorManager.m */ = {isa = PBXFileReference; fileEncoding = 4; lastKnownFileType = sourcecode.c.objc; path = AFNetworkActivityIndicatorManager.m; sourceTree = "<group>"; };
		57ED6352168146500039C47E /* AFNetworking.h */ = {isa = PBXFileReference; fileEncoding = 4; lastKnownFileType = sourcecode.c.h; path = AFNetworking.h; sourceTree = "<group>"; };
		57ED6353168146500039C47E /* AFPropertyListRequestOperation.h */ = {isa = PBXFileReference; fileEncoding = 4; lastKnownFileType = sourcecode.c.h; path = AFPropertyListRequestOperation.h; sourceTree = "<group>"; };
		57ED6354168146500039C47E /* AFPropertyListRequestOperation.m */ = {isa = PBXFileReference; fileEncoding = 4; lastKnownFileType = sourcecode.c.objc; path = AFPropertyListRequestOperation.m; sourceTree = "<group>"; };
		57ED6355168146500039C47E /* AFURLConnectionOperation.h */ = {isa = PBXFileReference; fileEncoding = 4; lastKnownFileType = sourcecode.c.h; path = AFURLConnectionOperation.h; sourceTree = "<group>"; };
		57ED6356168146500039C47E /* AFURLConnectionOperation.m */ = {isa = PBXFileReference; fileEncoding = 4; lastKnownFileType = sourcecode.c.objc; path = AFURLConnectionOperation.m; sourceTree = "<group>"; };
		57ED6357168146500039C47E /* AFXMLRequestOperation.h */ = {isa = PBXFileReference; fileEncoding = 4; lastKnownFileType = sourcecode.c.h; path = AFXMLRequestOperation.h; sourceTree = "<group>"; };
		57ED6358168146500039C47E /* AFXMLRequestOperation.m */ = {isa = PBXFileReference; fileEncoding = 4; lastKnownFileType = sourcecode.c.objc; path = AFXMLRequestOperation.m; sourceTree = "<group>"; };
		57ED6359168146500039C47E /* UIImageView+AFNetworking.h */ = {isa = PBXFileReference; fileEncoding = 4; lastKnownFileType = sourcecode.c.h; path = "UIImageView+AFNetworking.h"; sourceTree = "<group>"; };
		57ED635A168146500039C47E /* UIImageView+AFNetworking.m */ = {isa = PBXFileReference; fileEncoding = 4; lastKnownFileType = sourcecode.c.objc; path = "UIImageView+AFNetworking.m"; sourceTree = "<group>"; };
		57ED63B71681469A0039C47E /* MobileCoreServices.framework */ = {isa = PBXFileReference; lastKnownFileType = wrapper.framework; name = MobileCoreServices.framework; path = System/Library/Frameworks/MobileCoreServices.framework; sourceTree = SDKROOT; };
		57ED63B9168146A00039C47E /* SystemConfiguration.framework */ = {isa = PBXFileReference; lastKnownFileType = wrapper.framework; name = SystemConfiguration.framework; path = System/Library/Frameworks/SystemConfiguration.framework; sourceTree = SDKROOT; };
		57ED63C2168147890039C47E /* LAHTTPClient.h */ = {isa = PBXFileReference; fileEncoding = 4; lastKnownFileType = sourcecode.c.h; path = LAHTTPClient.h; sourceTree = "<group>"; };
		57ED63C3168147890039C47E /* LAHTTPClient.m */ = {isa = PBXFileReference; fileEncoding = 4; lastKnownFileType = sourcecode.c.objc; path = LAHTTPClient.m; sourceTree = "<group>"; };
		57ED63C716814AAA0039C47E /* LAHottestStoriesViewController.h */ = {isa = PBXFileReference; fileEncoding = 4; lastKnownFileType = sourcecode.c.h; path = LAHottestStoriesViewController.h; sourceTree = "<group>"; };
		57ED63C816814AAA0039C47E /* LAHottestStoriesViewController.m */ = {isa = PBXFileReference; fileEncoding = 4; lastKnownFileType = sourcecode.c.objc; path = LAHottestStoriesViewController.m; sourceTree = "<group>"; };
/* End PBXFileReference section */

/* Begin PBXFrameworksBuildPhase section */
		57ED62FA16807EDD0039C47E /* Frameworks */ = {
			isa = PBXFrameworksBuildPhase;
			buildActionMask = 2147483647;
			files = (
				57ED63BA168146A00039C47E /* SystemConfiguration.framework in Frameworks */,
				57ED63B81681469A0039C47E /* MobileCoreServices.framework in Frameworks */,
				57ED630216807EDD0039C47E /* UIKit.framework in Frameworks */,
				57ED630416807EDD0039C47E /* Foundation.framework in Frameworks */,
				57ED630616807EDD0039C47E /* CoreGraphics.framework in Frameworks */,
				57ED630816807EDD0039C47E /* CoreData.framework in Frameworks */,
			);
			runOnlyForDeploymentPostprocessing = 0;
		};
/* End PBXFrameworksBuildPhase section */

/* Begin PBXGroup section */
		57E7BE9016819D2F00C190AE /* Theme */ = {
			isa = PBXGroup;
			children = (
				57E7BE9216819D4200C190AE /* LAThemeManager.h */,
				57E7BE9316819D4200C190AE /* LAThemeManager.m */,
				57E7BE9416819D4200C190AE /* LADefaultTheme.h */,
				57E7BE9516819D4200C190AE /* LADefaultTheme.m */,
			);
			name = Theme;
			sourceTree = "<group>";
		};
		57ED62F216807EDD0039C47E = {
			isa = PBXGroup;
			children = (
				57ED630916807EDD0039C47E /* LobsterApp */,
				57ED6344168146500039C47E /* Vendor */,
				57ED630016807EDD0039C47E /* Frameworks */,
				57ED62FE16807EDD0039C47E /* Products */,
			);
			sourceTree = "<group>";
		};
		57ED62FE16807EDD0039C47E /* Products */ = {
			isa = PBXGroup;
			children = (
				57ED62FD16807EDD0039C47E /* LobsterApp.app */,
			);
			name = Products;
			sourceTree = "<group>";
		};
		57ED630016807EDD0039C47E /* Frameworks */ = {
			isa = PBXGroup;
			children = (
				57ED63B9168146A00039C47E /* SystemConfiguration.framework */,
				57ED63B71681469A0039C47E /* MobileCoreServices.framework */,
				57ED630116807EDD0039C47E /* UIKit.framework */,
				57ED630316807EDD0039C47E /* Foundation.framework */,
				57ED630516807EDD0039C47E /* CoreGraphics.framework */,
				57ED630716807EDD0039C47E /* CoreData.framework */,
			);
			name = Frameworks;
			sourceTree = "<group>";
		};
		57ED630916807EDD0039C47E /* LobsterApp */ = {
			isa = PBXGroup;
			children = (
				57E7BE9016819D2F00C190AE /* Theme */,
				57ED63BE168147010039C47E /* App Delegate */,
				57ED63C11681474F0039C47E /* API */,
				57ED63BB168146D20039C47E /* View Controllers */,
				57ED63C01681471D0039C47E /* Views */,
				57ED63BF168147100039C47E /* Models */,
				57ED633A168085D20039C47E /* Core Data */,
				57ED630A16807EDD0039C47E /* Supporting Files */,
			);
			path = LobsterApp;
			sourceTree = "<group>";
		};
		57ED630A16807EDD0039C47E /* Supporting Files */ = {
			isa = PBXGroup;
			children = (
				57ED630B16807EDD0039C47E /* LobsterApp-Info.plist */,
				57ED630C16807EDD0039C47E /* InfoPlist.strings */,
				57ED630F16807EDD0039C47E /* main.m */,
				57ED631116807EDD0039C47E /* LobsterApp-Prefix.pch */,
				57ED631516807EDD0039C47E /* Default.png */,
				57ED631716807EDD0039C47E /* Default@2x.png */,
				57ED631916807EDD0039C47E /* Default-568h@2x.png */,
			);
			name = "Supporting Files";
			sourceTree = "<group>";
		};
		57ED633A168085D20039C47E /* Core Data */ = {
			isa = PBXGroup;
			children = (
				57ED631E16807EDE0039C47E /* LobsterApp.xcdatamodeld */,
				57ED633B168085F60039C47E /* RPManagedObject.h */,
				57ED633C168085F60039C47E /* RPManagedObject.m */,
				57ED633E16812DDF0039C47E /* RPRemoteManagedObject.h */,
				57ED633F16812DDF0039C47E /* RPRemoteManagedObject.m */,
			);
			name = "Core Data";
			sourceTree = "<group>";
		};
		57ED6344168146500039C47E /* Vendor */ = {
			isa = PBXGroup;
			children = (
				57ED6347168146500039C47E /* AFNetworking */,
			);
			path = Vendor;
			sourceTree = "<group>";
		};
		57ED6347168146500039C47E /* AFNetworking */ = {
			isa = PBXGroup;
			children = (
				57ED6348168146500039C47E /* AFHTTPClient.h */,
				57ED6349168146500039C47E /* AFHTTPClient.m */,
				57ED634A168146500039C47E /* AFHTTPRequestOperation.h */,
				57ED634B168146500039C47E /* AFHTTPRequestOperation.m */,
				57ED634C168146500039C47E /* AFImageRequestOperation.h */,
				57ED634D168146500039C47E /* AFImageRequestOperation.m */,
				57ED634E168146500039C47E /* AFJSONRequestOperation.h */,
				57ED634F168146500039C47E /* AFJSONRequestOperation.m */,
				57ED6350168146500039C47E /* AFNetworkActivityIndicatorManager.h */,
				57ED6351168146500039C47E /* AFNetworkActivityIndicatorManager.m */,
				57ED6352168146500039C47E /* AFNetworking.h */,
				57ED6353168146500039C47E /* AFPropertyListRequestOperation.h */,
				57ED6354168146500039C47E /* AFPropertyListRequestOperation.m */,
				57ED6355168146500039C47E /* AFURLConnectionOperation.h */,
				57ED6356168146500039C47E /* AFURLConnectionOperation.m */,
				57ED6357168146500039C47E /* AFXMLRequestOperation.h */,
				57ED6358168146500039C47E /* AFXMLRequestOperation.m */,
				57ED6359168146500039C47E /* UIImageView+AFNetworking.h */,
				57ED635A168146500039C47E /* UIImageView+AFNetworking.m */,
			);
			name = AFNetworking;
			path = AFNetworking/AFNetworking;
			sourceTree = "<group>";
		};
		57ED63BB168146D20039C47E /* View Controllers */ = {
			isa = PBXGroup;
			children = (
				57ED63C716814AAA0039C47E /* LAHottestStoriesViewController.h */,
				57ED63C816814AAA0039C47E /* LAHottestStoriesViewController.m */,
			);
			name = "View Controllers";
			sourceTree = "<group>";
		};
		57ED63BE168147010039C47E /* App Delegate */ = {
			isa = PBXGroup;
			children = (
				57ED631216807EDD0039C47E /* LAAppDelegate.h */,
				57ED631316807EDD0039C47E /* LAAppDelegate.m */,
			);
			name = "App Delegate";
			sourceTree = "<group>";
		};
		57ED63BF168147100039C47E /* Models */ = {
			isa = PBXGroup;
			children = (
				57ED634116813DCD0039C47E /* Story.h */,
				57ED634216813DCD0039C47E /* Story.m */,
			);
			name = Models;
			sourceTree = "<group>";
		};
		57ED63C01681471D0039C47E /* Views */ = {
			isa = PBXGroup;
			children = (
				57ED631B16807EDE0039C47E /* MainStoryboard.storyboard */,
			);
			name = Views;
			sourceTree = "<group>";
		};
		57ED63C11681474F0039C47E /* API */ = {
			isa = PBXGroup;
			children = (
				57ED63C2168147890039C47E /* LAHTTPClient.h */,
				57ED63C3168147890039C47E /* LAHTTPClient.m */,
			);
			name = API;
			sourceTree = "<group>";
		};
/* End PBXGroup section */

/* Begin PBXNativeTarget section */
		57ED62FC16807EDD0039C47E /* LobsterApp */ = {
			isa = PBXNativeTarget;
			buildConfigurationList = 57ED632916807EDE0039C47E /* Build configuration list for PBXNativeTarget "LobsterApp" */;
			buildPhases = (
				57ED62F916807EDD0039C47E /* Sources */,
				57ED62FA16807EDD0039C47E /* Frameworks */,
				57ED62FB16807EDD0039C47E /* Resources */,
			);
			buildRules = (
			);
			dependencies = (
			);
			name = LobsterApp;
			productName = LobsterApp;
			productReference = 57ED62FD16807EDD0039C47E /* LobsterApp.app */;
			productType = "com.apple.product-type.application";
		};
/* End PBXNativeTarget section */

/* Begin PBXProject section */
		57ED62F416807EDD0039C47E /* Project object */ = {
			isa = PBXProject;
			attributes = {
				CLASSPREFIX = LA;
				LastUpgradeCheck = 0450;
				ORGANIZATIONNAME = "Rhys Powell";
			};
			buildConfigurationList = 57ED62F716807EDD0039C47E /* Build configuration list for PBXProject "LobsterApp" */;
			compatibilityVersion = "Xcode 3.2";
			developmentRegion = English;
			hasScannedForEncodings = 0;
			knownRegions = (
				en,
			);
			mainGroup = 57ED62F216807EDD0039C47E;
			productRefGroup = 57ED62FE16807EDD0039C47E /* Products */;
			projectDirPath = "";
			projectRoot = "";
			targets = (
				57ED62FC16807EDD0039C47E /* LobsterApp */,
			);
		};
/* End PBXProject section */

/* Begin PBXResourcesBuildPhase section */
		57ED62FB16807EDD0039C47E /* Resources */ = {
			isa = PBXResourcesBuildPhase;
			buildActionMask = 2147483647;
			files = (
				57ED630E16807EDD0039C47E /* InfoPlist.strings in Resources */,
				57ED631616807EDD0039C47E /* Default.png in Resources */,
				57ED631816807EDD0039C47E /* Default@2x.png in Resources */,
				57ED631A16807EDD0039C47E /* Default-568h@2x.png in Resources */,
				57ED631D16807EDE0039C47E /* MainStoryboard.storyboard in Resources */,
			);
			runOnlyForDeploymentPostprocessing = 0;
		};
/* End PBXResourcesBuildPhase section */

/* Begin PBXSourcesBuildPhase section */
		57ED62F916807EDD0039C47E /* Sources */ = {
			isa = PBXSourcesBuildPhase;
			buildActionMask = 2147483647;
			files = (
				57ED631016807EDD0039C47E /* main.m in Sources */,
				57ED631416807EDD0039C47E /* LAAppDelegate.m in Sources */,
				57ED632016807EDE0039C47E /* LobsterApp.xcdatamodeld in Sources */,
				57ED633D168085F60039C47E /* RPManagedObject.m in Sources */,
				57ED634016812DE00039C47E /* RPRemoteManagedObject.m in Sources */,
				57ED634316813DCE0039C47E /* Story.m in Sources */,
				57ED6390168146500039C47E /* AFHTTPClient.m in Sources */,
				57ED6391168146500039C47E /* AFHTTPRequestOperation.m in Sources */,
				57ED6392168146500039C47E /* AFImageRequestOperation.m in Sources */,
				57ED6393168146500039C47E /* AFJSONRequestOperation.m in Sources */,
				57ED6394168146500039C47E /* AFNetworkActivityIndicatorManager.m in Sources */,
				57ED6395168146500039C47E /* AFPropertyListRequestOperation.m in Sources */,
				57ED6396168146500039C47E /* AFURLConnectionOperation.m in Sources */,
				57ED6397168146500039C47E /* AFXMLRequestOperation.m in Sources */,
				57ED6398168146500039C47E /* UIImageView+AFNetworking.m in Sources */,
				57ED63C4168147890039C47E /* LAHTTPClient.m in Sources */,
				57ED63CA16814AAA0039C47E /* LAHottestStoriesViewController.m in Sources */,
				57E7BE9616819D4200C190AE /* LAThemeManager.m in Sources */,
				57E7BE9716819D4200C190AE /* LADefaultTheme.m in Sources */,
			);
			runOnlyForDeploymentPostprocessing = 0;
		};
/* End PBXSourcesBuildPhase section */

/* Begin PBXVariantGroup section */
		57ED630C16807EDD0039C47E /* InfoPlist.strings */ = {
			isa = PBXVariantGroup;
			children = (
				57ED630D16807EDD0039C47E /* en */,
			);
			name = InfoPlist.strings;
			sourceTree = "<group>";
		};
		57ED631B16807EDE0039C47E /* MainStoryboard.storyboard */ = {
			isa = PBXVariantGroup;
			children = (
				57ED631C16807EDE0039C47E /* en */,
			);
			name = MainStoryboard.storyboard;
			sourceTree = "<group>";
		};
/* End PBXVariantGroup section */

/* Begin XCBuildConfiguration section */
		57ED632716807EDE0039C47E /* Debug */ = {
			isa = XCBuildConfiguration;
			buildSettings = {
				ALWAYS_SEARCH_USER_PATHS = NO;
				CLANG_CXX_LANGUAGE_STANDARD = "gnu++0x";
				CLANG_CXX_LIBRARY = "libc++";
				CLANG_ENABLE_OBJC_ARC = YES;
				CLANG_WARN_EMPTY_BODY = YES;
				CLANG_WARN__DUPLICATE_METHOD_MATCH = YES;
				"CODE_SIGN_IDENTITY[sdk=iphoneos*]" = "iPhone Developer";
				COPY_PHASE_STRIP = NO;
				GCC_C_LANGUAGE_STANDARD = gnu99;
				GCC_DYNAMIC_NO_PIC = NO;
				GCC_OPTIMIZATION_LEVEL = 0;
				GCC_PREPROCESSOR_DEFINITIONS = (
					"DEBUG=1",
					"$(inherited)",
				);
				GCC_SYMBOLS_PRIVATE_EXTERN = NO;
				GCC_WARN_ABOUT_RETURN_TYPE = YES;
				GCC_WARN_UNINITIALIZED_AUTOS = YES;
				GCC_WARN_UNUSED_VARIABLE = YES;
				IPHONEOS_DEPLOYMENT_TARGET = 6.0;
				SDKROOT = iphoneos;
			};
			name = Debug;
		};
		57ED632816807EDE0039C47E /* Release */ = {
			isa = XCBuildConfiguration;
			buildSettings = {
				ALWAYS_SEARCH_USER_PATHS = NO;
				CLANG_CXX_LANGUAGE_STANDARD = "gnu++0x";
				CLANG_CXX_LIBRARY = "libc++";
				CLANG_ENABLE_OBJC_ARC = YES;
				CLANG_WARN_EMPTY_BODY = YES;
				CLANG_WARN__DUPLICATE_METHOD_MATCH = YES;
				"CODE_SIGN_IDENTITY[sdk=iphoneos*]" = "iPhone Developer";
				COPY_PHASE_STRIP = YES;
				GCC_C_LANGUAGE_STANDARD = gnu99;
				GCC_WARN_ABOUT_RETURN_TYPE = YES;
				GCC_WARN_UNINITIALIZED_AUTOS = YES;
				GCC_WARN_UNUSED_VARIABLE = YES;
				IPHONEOS_DEPLOYMENT_TARGET = 6.0;
				OTHER_CFLAGS = "-DNS_BLOCK_ASSERTIONS=1";
				SDKROOT = iphoneos;
				VALIDATE_PRODUCT = YES;
			};
			name = Release;
		};
		57ED632A16807EDE0039C47E /* Debug */ = {
			isa = XCBuildConfiguration;
			buildSettings = {
				GCC_PRECOMPILE_PREFIX_HEADER = YES;
				GCC_PREFIX_HEADER = "LobsterApp/LobsterApp-Prefix.pch";
				INFOPLIST_FILE = "LobsterApp/LobsterApp-Info.plist";
				PRODUCT_NAME = "$(TARGET_NAME)";
				WRAPPER_EXTENSION = app;
			};
			name = Debug;
		};
		57ED632B16807EDE0039C47E /* Release */ = {
			isa = XCBuildConfiguration;
			buildSettings = {
				GCC_PRECOMPILE_PREFIX_HEADER = YES;
				GCC_PREFIX_HEADER = "LobsterApp/LobsterApp-Prefix.pch";
				INFOPLIST_FILE = "LobsterApp/LobsterApp-Info.plist";
				PRODUCT_NAME = "$(TARGET_NAME)";
				WRAPPER_EXTENSION = app;
			};
			name = Release;
		};
/* End XCBuildConfiguration section */

/* Begin XCConfigurationList section */
		57ED62F716807EDD0039C47E /* Build configuration list for PBXProject "LobsterApp" */ = {
			isa = XCConfigurationList;
			buildConfigurations = (
				57ED632716807EDE0039C47E /* Debug */,
				57ED632816807EDE0039C47E /* Release */,
			);
			defaultConfigurationIsVisible = 0;
			defaultConfigurationName = Release;
		};
		57ED632916807EDE0039C47E /* Build configuration list for PBXNativeTarget "LobsterApp" */ = {
			isa = XCConfigurationList;
			buildConfigurations = (
				57ED632A16807EDE0039C47E /* Debug */,
				57ED632B16807EDE0039C47E /* Release */,
			);
			defaultConfigurationIsVisible = 0;
			defaultConfigurationName = Release;
		};
/* End XCConfigurationList section */

/* Begin XCVersionGroup section */
		57ED631E16807EDE0039C47E /* LobsterApp.xcdatamodeld */ = {
			isa = XCVersionGroup;
			children = (
				57ED631F16807EDE0039C47E /* LobsterApp.xcdatamodel */,
			);
			currentVersion = 57ED631F16807EDE0039C47E /* LobsterApp.xcdatamodel */;
			path = LobsterApp.xcdatamodeld;
			sourceTree = "<group>";
			versionGroupType = wrapper.xcdatamodel;
		};
/* End XCVersionGroup section */
	};
	rootObject = 57ED62F416807EDD0039C47E /* Project object */;
}
